
Microsoft Visual Studio Solution File, Format Version 12.00
# Visual Studio Version 17
VisualStudioVersion = 17.0.31903.59
MinimumVisualStudioVersion = 10.0.40219.1
Project("{FAE04EC0-301F-11D3-BF4B-00C04F79EFBC}") = "WordPressExporter", "tools\WordPressExporter\WordPressExporter.csproj", "{FFBC5CE2-412A-4B4F-A879-A665AEBF3BE0}"
EndProject
Project("{2150E333-8FDC-42A3-9474-1A3956D46DE8}") = "tools", "tools", "{383003A9-91DB-464E-952F-EF44F3139953}"
EndProject
Project("{2150E333-8FDC-42A3-9474-1A3956D46DE8}") = "src", "src", "{B5A34CC8-A1DA-4912-BFCA-545CFE2A416E}"
EndProject
Project("{FAE04EC0-301F-11D3-BF4B-00C04F79EFBC}") = "Blog2", "src\Blog2\Blog2.csproj", "{C3E32E07-34C3-4097-9767-DC7307AD9FCE}"
EndProject
Global
	GlobalSection(SolutionConfigurationPlatforms) = preSolution
		Debug|Any CPU = Debug|Any CPU
		Release|Any CPU = Release|Any CPU
	EndGlobalSection
	GlobalSection(ProjectConfigurationPlatforms) = postSolution
		{FFBC5CE2-412A-4B4F-A879-A665AEBF3BE0}.Debug|Any CPU.ActiveCfg = Debug|Any CPU
		{FFBC5CE2-412A-4B4F-A879-A665AEBF3BE0}.Debug|Any CPU.Build.0 = Debug|Any CPU
		{FFBC5CE2-412A-4B4F-A879-A665AEBF3BE0}.Release|Any CPU.ActiveCfg = Release|Any CPU
		{FFBC5CE2-412A-4B4F-A879-A665AEBF3BE0}.Release|Any CPU.Build.0 = Release|Any CPU
		{C3E32E07-34C3-4097-9767-DC7307AD9FCE}.Debug|Any CPU.ActiveCfg = Debug|Any CPU
		{C3E32E07-34C3-4097-9767-DC7307AD9FCE}.Debug|Any CPU.Build.0 = Debug|Any CPU
		{C3E32E07-34C3-4097-9767-DC7307AD9FCE}.Release|Any CPU.ActiveCfg = Release|Any CPU
		{C3E32E07-34C3-4097-9767-DC7307AD9FCE}.Release|Any CPU.Build.0 = Release|Any CPU
	EndGlobalSection
	GlobalSection(SolutionProperties) = preSolution
		HideSolutionNode = FALSE
	EndGlobalSection
	GlobalSection(NestedProjects) = preSolution
		{FFBC5CE2-412A-4B4F-A879-A665AEBF3BE0} = {383003A9-91DB-464E-952F-EF44F3139953}
		{C3E32E07-34C3-4097-9767-DC7307AD9FCE} = {B5A34CC8-A1DA-4912-BFCA-545CFE2A416E}
	EndGlobalSection
	GlobalSection(ExtensibilityGlobals) = postSolution
		SolutionGuid = {E2B02B7B-FD80-44F7-9A37-5224C9BF9F0D}
	EndGlobalSection
EndGlobal
